
Microsoft Visual Studio Solution File, Format Version 12.00
# Visual Studio 15
VisualStudioVersion = 15.0.27703.2042
MinimumVisualStudioVersion = 10.0.40219.1
Project("{FAE04EC0-301F-11D3-BF4B-00C04F79EFBC}") = "SampleAppKelasB.Android", "SampleAppKelasB\SampleAppKelasB.Android\SampleAppKelasB.Android.csproj", "{C995647A-C0CC-410E-B837-4C969AED63AF}"
EndProject
Project("{FAE04EC0-301F-11D3-BF4B-00C04F79EFBC}") = "SampleAppKelasB.iOS", "SampleAppKelasB\SampleAppKelasB.iOS\SampleAppKelasB.iOS.csproj", "{4DF753F6-BBE6-4980-A634-FB49E154BB79}"
EndProject
Project("{FAE04EC0-301F-11D3-BF4B-00C04F79EFBC}") = "SampleAppKelasB", "SampleAppKelasB\SampleAppKelasB\SampleAppKelasB.csproj", "{42885D2A-D027-4075-80AB-BED9444523C5}"
EndProject
Global
	GlobalSection(SolutionConfigurationPlatforms) = preSolution
		Ad-Hoc|Any CPU = Ad-Hoc|Any CPU
		Ad-Hoc|iPhone = Ad-Hoc|iPhone
		Ad-Hoc|iPhoneSimulator = Ad-Hoc|iPhoneSimulator
		AppStore|Any CPU = AppStore|Any CPU
		AppStore|iPhone = AppStore|iPhone
		AppStore|iPhoneSimulator = AppStore|iPhoneSimulator
		Debug|Any CPU = Debug|Any CPU
		Debug|iPhone = Debug|iPhone
		Debug|iPhoneSimulator = Debug|iPhoneSimulator
		Release|Any CPU = Release|Any CPU
		Release|iPhone = Release|iPhone
		Release|iPhoneSimulator = Release|iPhoneSimulator
	EndGlobalSection
	GlobalSection(ProjectConfigurationPlatforms) = postSolution
		{C995647A-C0CC-410E-B837-4C969AED63AF}.Ad-Hoc|Any CPU.ActiveCfg = Release|Any CPU
		{C995647A-C0CC-410E-B837-4C969AED63AF}.Ad-Hoc|Any CPU.Build.0 = Release|Any CPU
		{C995647A-C0CC-410E-B837-4C969AED63AF}.Ad-Hoc|Any CPU.Deploy.0 = Release|Any CPU
		{C995647A-C0CC-410E-B837-4C969AED63AF}.Ad-Hoc|iPhone.ActiveCfg = Release|Any CPU
		{C995647A-C0CC-410E-B837-4C969AED63AF}.Ad-Hoc|iPhone.Build.0 = Release|Any CPU
		{C995647A-C0CC-410E-B837-4C969AED63AF}.Ad-Hoc|iPhone.Deploy.0 = Release|Any CPU
		{C995647A-C0CC-410E-B837-4C969AED63AF}.Ad-Hoc|iPhoneSimulator.ActiveCfg = Release|Any CPU
		{C995647A-C0CC-410E-B837-4C969AED63AF}.Ad-Hoc|iPhoneSimulator.Build.0 = Release|Any CPU
		{C995647A-C0CC-410E-B837-4C969AED63AF}.Ad-Hoc|iPhoneSimulator.Deploy.0 = Release|Any CPU
		{C995647A-C0CC-410E-B837-4C969AED63AF}.AppStore|Any CPU.ActiveCfg = Release|Any CPU
		{C995647A-C0CC-410E-B837-4C969AED63AF}.AppStore|Any CPU.Build.0 = Release|Any CPU
		{C995647A-C0CC-410E-B837-4C969AED63AF}.AppStore|Any CPU.Deploy.0 = Release|Any CPU
		{C995647A-C0CC-410E-B837-4C969AED63AF}.AppStore|iPhone.ActiveCfg = Release|Any CPU
		{C995647A-C0CC-410E-B837-4C969AED63AF}.AppStore|iPhone.Build.0 = Release|Any CPU
		{C995647A-C0CC-410E-B837-4C969AED63AF}.AppStore|iPhone.Deploy.0 = Release|Any CPU
		{C995647A-C0CC-410E-B837-4C969AED63AF}.AppStore|iPhoneSimulator.ActiveCfg = Release|Any CPU
		{C995647A-C0CC-410E-B837-4C969AED63AF}.AppStore|iPhoneSimulator.Build.0 = Release|Any CPU
		{C995647A-C0CC-410E-B837-4C969AED63AF}.AppStore|iPhoneSimulator.Deploy.0 = Release|Any CPU
		{C995647A-C0CC-410E-B837-4C969AED63AF}.Debug|Any CPU.ActiveCfg = Debug|Any CPU
		{C995647A-C0CC-410E-B837-4C969AED63AF}.Debug|Any CPU.Build.0 = Debug|Any CPU
		{C995647A-C0CC-410E-B837-4C969AED63AF}.Debug|Any CPU.Deploy.0 = Debug|Any CPU
		{C995647A-C0CC-410E-B837-4C969AED63AF}.Debug|iPhone.ActiveCfg = Debug|Any CPU
		{C995647A-C0CC-410E-B837-4C969AED63AF}.Debug|iPhone.Build.0 = Debug|Any CPU
		{C995647A-C0CC-410E-B837-4C969AED63AF}.Debug|iPhone.Deploy.0 = Debug|Any CPU
		{C995647A-C0CC-410E-B837-4C969AED63AF}.Debug|iPhoneSimulator.ActiveCfg = Debug|Any CPU
		{C995647A-C0CC-410E-B837-4C969AED63AF}.Debug|iPhoneSimulator.Build.0 = Debug|Any CPU
		{C995647A-C0CC-410E-B837-4C969AED63AF}.Debug|iPhoneSimulator.Deploy.0 = Debug|Any CPU
		{C995647A-C0CC-410E-B837-4C969AED63AF}.Release|Any CPU.ActiveCfg = Release|Any CPU
		{C995647A-C0CC-410E-B837-4C969AED63AF}.Release|Any CPU.Build.0 = Release|Any CPU
		{C995647A-C0CC-410E-B837-4C969AED63AF}.Release|Any CPU.Deploy.0 = Release|Any CPU
		{C995647A-C0CC-410E-B837-4C969AED63AF}.Release|iPhone.ActiveCfg = Release|Any CPU
		{C995647A-C0CC-410E-B837-4C969AED63AF}.Release|iPhone.Build.0 = Release|Any CPU
		{C995647A-C0CC-410E-B837-4C969AED63AF}.Release|iPhone.Deploy.0 = Release|Any CPU
		{C995647A-C0CC-410E-B837-4C969AED63AF}.Release|iPhoneSimulator.ActiveCfg = Release|Any CPU
		{C995647A-C0CC-410E-B837-4C969AED63AF}.Release|iPhoneSimulator.Build.0 = Release|Any CPU
		{C995647A-C0CC-410E-B837-4C969AED63AF}.Release|iPhoneSimulator.Deploy.0 = Release|Any CPU
		{4DF753F6-BBE6-4980-A634-FB49E154BB79}.Ad-Hoc|Any CPU.ActiveCfg = Ad-Hoc|iPhone
		{4DF753F6-BBE6-4980-A634-FB49E154BB79}.Ad-Hoc|Any CPU.Build.0 = Ad-Hoc|iPhone
		{4DF753F6-BBE6-4980-A634-FB49E154BB79}.Ad-Hoc|Any CPU.Deploy.0 = Ad-Hoc|iPhone
		{4DF753F6-BBE6-4980-A634-FB49E154BB79}.Ad-Hoc|iPhone.ActiveCfg = Ad-Hoc|iPhone
		{4DF753F6-BBE6-4980-A634-FB49E154BB79}.Ad-Hoc|iPhone.Build.0 = Ad-Hoc|iPhone
		{4DF753F6-BBE6-4980-A634-FB49E154BB79}.Ad-Hoc|iPhone.Deploy.0 = Ad-Hoc|iPhone
		{4DF753F6-BBE6-4980-A634-FB49E154BB79}.Ad-Hoc|iPhoneSimulator.ActiveCfg = Ad-Hoc|iPhoneSimulator
		{4DF753F6-BBE6-4980-A634-FB49E154BB79}.Ad-Hoc|iPhoneSimulator.Build.0 = Ad-Hoc|iPhoneSimulator
		{4DF753F6-BBE6-4980-A634-FB49E154BB79}.Ad-Hoc|iPhoneSimulator.Deploy.0 = Ad-Hoc|iPhoneSimulator
		{4DF753F6-BBE6-4980-A634-FB49E154BB79}.AppStore|Any CPU.ActiveCfg = AppStore|iPhone
		{4DF753F6-BBE6-4980-A634-FB49E154BB79}.AppStore|Any CPU.Build.0 = AppStore|iPhone
		{4DF753F6-BBE6-4980-A634-FB49E154BB79}.AppStore|Any CPU.Deploy.0 = AppStore|iPhone
		{4DF753F6-BBE6-4980-A634-FB49E154BB79}.AppStore|iPhone.ActiveCfg = AppStore|iPhone
		{4DF753F6-BBE6-4980-A634-FB49E154BB79}.AppStore|iPhone.Build.0 = AppStore|iPhone
		{4DF753F6-BBE6-4980-A634-FB49E154BB79}.AppStore|iPhone.Deploy.0 = AppStore|iPhone
		{4DF753F6-BBE6-4980-A634-FB49E154BB79}.AppStore|iPhoneSimulator.ActiveCfg = AppStore|iPhoneSimulator
		{4DF753F6-BBE6-4980-A634-FB49E154BB79}.AppStore|iPhoneSimulator.Build.0 = AppStore|iPhoneSimulator
		{4DF753F6-BBE6-4980-A634-FB49E154BB79}.AppStore|iPhoneSimulator.Deploy.0 = AppStore|iPhoneSimulator
		{4DF753F6-BBE6-4980-A634-FB49E154BB79}.Debug|Any CPU.ActiveCfg = Debug|iPhone
		{4DF753F6-BBE6-4980-A634-FB49E154BB79}.Debug|Any CPU.Build.0 = Debug|iPhone
		{4DF753F6-BBE6-4980-A634-FB49E154BB79}.Debug|Any CPU.Deploy.0 = Debug|iPhone
		{4DF753F6-BBE6-4980-A634-FB49E154BB79}.Debug|iPhone.ActiveCfg = Debug|iPhone
		{4DF753F6-BBE6-4980-A634-FB49E154BB79}.Debug|iPhone.Build.0 = Debug|iPhone
		{4DF753F6-BBE6-4980-A634-FB49E154BB79}.Debug|iPhone.Deploy.0 = Debug|iPhone
		{4DF753F6-BBE6-4980-A634-FB49E154BB79}.Debug|iPhoneSimulator.ActiveCfg = Debug|iPhoneSimulator
		{4DF753F6-BBE6-4980-A634-FB49E154BB79}.Debug|iPhoneSimulator.Build.0 = Debug|iPhoneSimulator
		{4DF753F6-BBE6-4980-A634-FB49E154BB79}.Debug|iPhoneSimulator.Deploy.0 = Debug|iPhoneSimulator
		{4DF753F6-BBE6-4980-A634-FB49E154BB79}.Release|Any CPU.ActiveCfg = Release|iPhone
		{4DF753F6-BBE6-4980-A634-FB49E154BB79}.Release|Any CPU.Build.0 = Release|iPhone
		{4DF753F6-BBE6-4980-A634-FB49E154BB79}.Release|Any CPU.Deploy.0 = Release|iPhone
		{4DF753F6-BBE6-4980-A634-FB49E154BB79}.Release|iPhone.ActiveCfg = Release|iPhone
		{4DF753F6-BBE6-4980-A634-FB49E154BB79}.Release|iPhone.Build.0 = Release|iPhone
		{4DF753F6-BBE6-4980-A634-FB49E154BB79}.Release|iPhone.Deploy.0 = Release|iPhone
		{4DF753F6-BBE6-4980-A634-FB49E154BB79}.Release|iPhoneSimulator.ActiveCfg = Release|iPhoneSimulator
		{4DF753F6-BBE6-4980-A634-FB49E154BB79}.Release|iPhoneSimulator.Build.0 = Release|iPhoneSimulator
		{4DF753F6-BBE6-4980-A634-FB49E154BB79}.Release|iPhoneSimulator.Deploy.0 = Release|iPhoneSimulator
		{42885D2A-D027-4075-80AB-BED9444523C5}.Ad-Hoc|Any CPU.ActiveCfg = Debug|Any CPU
		{42885D2A-D027-4075-80AB-BED9444523C5}.Ad-Hoc|Any CPU.Build.0 = Debug|Any CPU
		{42885D2A-D027-4075-80AB-BED9444523C5}.Ad-Hoc|Any CPU.Deploy.0 = Debug|Any CPU
		{42885D2A-D027-4075-80AB-BED9444523C5}.Ad-Hoc|iPhone.ActiveCfg = Debug|Any CPU
		{42885D2A-D027-4075-80AB-BED9444523C5}.Ad-Hoc|iPhone.Build.0 = Debug|Any CPU
		{42885D2A-D027-4075-80AB-BED9444523C5}.Ad-Hoc|iPhone.Deploy.0 = Debug|Any CPU
		{42885D2A-D027-4075-80AB-BED9444523C5}.Ad-Hoc|iPhoneSimulator.ActiveCfg = Debug|Any CPU
		{42885D2A-D027-4075-80AB-BED9444523C5}.Ad-Hoc|iPhoneSimulator.Build.0 = Debug|Any CPU
		{42885D2A-D027-4075-80AB-BED9444523C5}.Ad-Hoc|iPhoneSimulator.Deploy.0 = Debug|Any CPU
		{42885D2A-D027-4075-80AB-BED9444523C5}.AppStore|Any CPU.ActiveCfg = Debug|Any CPU
		{42885D2A-D027-4075-80AB-BED9444523C5}.AppStore|Any CPU.Build.0 = Debug|Any CPU
		{42885D2A-D027-4075-80AB-BED9444523C5}.AppStore|Any CPU.Deploy.0 = Debug|Any CPU
		{42885D2A-D027-4075-80AB-BED9444523C5}.AppStore|iPhone.ActiveCfg = Debug|Any CPU
		{42885D2A-D027-4075-80AB-BED9444523C5}.AppStore|iPhone.Build.0 = Debug|Any CPU
		{42885D2A-D027-4075-80AB-BED9444523C5}.AppStore|iPhone.Deploy.0 = Debug|Any CPU
		{42885D2A-D027-4075-80AB-BED9444523C5}.AppStore|iPhoneSimulator.ActiveCfg = Debug|Any CPU
		{42885D2A-D027-4075-80AB-BED9444523C5}.AppStore|iPhoneSimulator.Build.0 = Debug|Any CPU
		{42885D2A-D027-4075-80AB-BED9444523C5}.AppStore|iPhoneSimulator.Deploy.0 = Debug|Any CPU
		{42885D2A-D027-4075-80AB-BED9444523C5}.Debug|Any CPU.ActiveCfg = Debug|Any CPU
		{42885D2A-D027-4075-80AB-BED9444523C5}.Debug|Any CPU.Build.0 = Debug|Any CPU
		{42885D2A-D027-4075-80AB-BED9444523C5}.Debug|Any CPU.Deploy.0 = Debug|Any CPU
		{42885D2A-D027-4075-80AB-BED9444523C5}.Debug|iPhone.ActiveCfg = Debug|Any CPU
		{42885D2A-D027-4075-80AB-BED9444523C5}.Debug|iPhone.Build.0 = Debug|Any CPU
		{42885D2A-D027-4075-80AB-BED9444523C5}.Debug|iPhone.Deploy.0 = Debug|Any CPU
		{42885D2A-D027-4075-80AB-BED9444523C5}.Debug|iPhoneSimulator.ActiveCfg = Debug|Any CPU
		{42885D2A-D027-4075-80AB-BED9444523C5}.Debug|iPhoneSimulator.Build.0 = Debug|Any CPU
		{42885D2A-D027-4075-80AB-BED9444523C5}.Debug|iPhoneSimulator.Deploy.0 = Debug|Any CPU
		{42885D2A-D027-4075-80AB-BED9444523C5}.Release|Any CPU.ActiveCfg = Release|Any CPU
		{42885D2A-D027-4075-80AB-BED9444523C5}.Release|Any CPU.Build.0 = Release|Any CPU
		{42885D2A-D027-4075-80AB-BED9444523C5}.Release|Any CPU.Deploy.0 = Release|Any CPU
		{42885D2A-D027-4075-80AB-BED9444523C5}.Release|iPhone.ActiveCfg = Release|Any CPU
		{42885D2A-D027-4075-80AB-BED9444523C5}.Release|iPhone.Build.0 = Release|Any CPU
		{42885D2A-D027-4075-80AB-BED9444523C5}.Release|iPhone.Deploy.0 = Release|Any CPU
		{42885D2A-D027-4075-80AB-BED9444523C5}.Release|iPhoneSimulator.ActiveCfg = Release|Any CPU
		{42885D2A-D027-4075-80AB-BED9444523C5}.Release|iPhoneSimulator.Build.0 = Release|Any CPU
		{42885D2A-D027-4075-80AB-BED9444523C5}.Release|iPhoneSimulator.Deploy.0 = Release|Any CPU
	EndGlobalSection
	GlobalSection(SolutionProperties) = preSolution
		HideSolutionNode = FALSE
	EndGlobalSection
	GlobalSection(ExtensibilityGlobals) = postSolution
		SolutionGuid = {230914B5-ADD9-4CCB-97A2-CB66F20022AB}
	EndGlobalSection
EndGlobal
